
Microsoft Visual Studio Solution File, Format Version 12.00
# Visual Studio 15
VisualStudioVersion = 15.0.28307.2017
MinimumVisualStudioVersion = 10.0.40219.1
Project("{8BC9CEB8-8B4A-11D0-8D11-00A0C91BC942}") = "01HelloWorld", "HelloWorld\HelloWorld.vcxproj", "{7A9E625A-1988-4A9D-AE58-19324F3B8000}"
EndProject
Project("{8BC9CEB8-8B4A-11D0-8D11-00A0C91BC942}") = "02数据类型", "数据类型\数据类型.vcxproj", "{CF2A136E-DA7B-4BBC-A39E-7F5CC850B023}"
EndProject
Project("{8BC9CEB8-8B4A-11D0-8D11-00A0C91BC942}") = "03流程控制", "流程控制\流程控制.vcxproj", "{EB86ECCB-4D6E-40D0-885F-8F84A9078FC1}"
EndProject
Project("{8BC9CEB8-8B4A-11D0-8D11-00A0C91BC942}") = "04数组", "数组\数组.vcxproj", "{0D0144C0-8802-4A58-A2BB-642B07099C34}"
EndProject
Project("{8BC9CEB8-8B4A-11D0-8D11-00A0C91BC942}") = "05函数", "05函数\05函数.vcxproj", "{8CFE092C-BF20-4948-A29A-B787824D4B4D}"
EndProject
Project("{8BC9CEB8-8B4A-11D0-8D11-00A0C91BC942}") = "06指针", "06指针\06指针.vcxproj", "{CCAB1166-1927-41C7-A277-E9825EF74F1C}"
EndProject
Project("{8BC9CEB8-8B4A-11D0-8D11-00A0C91BC942}") = "07结构体", "07结构体\07结构体.vcxproj", "{1AE6A2A8-889A-48CE-81F3-C5AA5974E681}"
EndProject
Global
	GlobalSection(SolutionConfigurationPlatforms) = preSolution
		Debug|x64 = Debug|x64
		Debug|x86 = Debug|x86
		Release|x64 = Release|x64
		Release|x86 = Release|x86
	EndGlobalSection
	GlobalSection(ProjectConfigurationPlatforms) = postSolution
		{7A9E625A-1988-4A9D-AE58-19324F3B8000}.Debug|x64.ActiveCfg = Debug|x64
		{7A9E625A-1988-4A9D-AE58-19324F3B8000}.Debug|x64.Build.0 = Debug|x64
		{7A9E625A-1988-4A9D-AE58-19324F3B8000}.Debug|x86.ActiveCfg = Debug|Win32
		{7A9E625A-1988-4A9D-AE58-19324F3B8000}.Debug|x86.Build.0 = Debug|Win32
		{7A9E625A-1988-4A9D-AE58-19324F3B8000}.Release|x64.ActiveCfg = Release|x64
		{7A9E625A-1988-4A9D-AE58-19324F3B8000}.Release|x64.Build.0 = Release|x64
		{7A9E625A-1988-4A9D-AE58-19324F3B8000}.Release|x86.ActiveCfg = Release|Win32
		{7A9E625A-1988-4A9D-AE58-19324F3B8000}.Release|x86.Build.0 = Release|Win32
		{CF2A136E-DA7B-4BBC-A39E-7F5CC850B023}.Debug|x64.ActiveCfg = Debug|x64
		{CF2A136E-DA7B-4BBC-A39E-7F5CC850B023}.Debug|x64.Build.0 = Debug|x64
		{CF2A136E-DA7B-4BBC-A39E-7F5CC850B023}.Debug|x86.ActiveCfg = Debug|Win32
		{CF2A136E-DA7B-4BBC-A39E-7F5CC850B023}.Debug|x86.Build.0 = Debug|Win32
		{CF2A136E-DA7B-4BBC-A39E-7F5CC850B023}.Release|x64.ActiveCfg = Release|x64
		{CF2A136E-DA7B-4BBC-A39E-7F5CC850B023}.Release|x64.Build.0 = Release|x64
		{CF2A136E-DA7B-4BBC-A39E-7F5CC850B023}.Release|x86.ActiveCfg = Release|Win32
		{CF2A136E-DA7B-4BBC-A39E-7F5CC850B023}.Release|x86.Build.0 = Release|Win32
		{EB86ECCB-4D6E-40D0-885F-8F84A9078FC1}.Debug|x64.ActiveCfg = Debug|x64
		{EB86ECCB-4D6E-40D0-885F-8F84A9078FC1}.Debug|x64.Build.0 = Debug|x64
		{EB86ECCB-4D6E-40D0-885F-8F84A9078FC1}.Debug|x86.ActiveCfg = Debug|Win32
		{EB86ECCB-4D6E-40D0-885F-8F84A9078FC1}.Debug|x86.Build.0 = Debug|Win32
		{EB86ECCB-4D6E-40D0-885F-8F84A9078FC1}.Release|x64.ActiveCfg = Release|x64
		{EB86ECCB-4D6E-40D0-885F-8F84A9078FC1}.Release|x64.Build.0 = Release|x64
		{EB86ECCB-4D6E-40D0-885F-8F84A9078FC1}.Release|x86.ActiveCfg = Release|Win32
		{EB86ECCB-4D6E-40D0-885F-8F84A9078FC1}.Release|x86.Build.0 = Release|Win32
		{0D0144C0-8802-4A58-A2BB-642B07099C34}.Debug|x64.ActiveCfg = Debug|x64
		{0D0144C0-8802-4A58-A2BB-642B07099C34}.Debug|x64.Build.0 = Debug|x64
		{0D0144C0-8802-4A58-A2BB-642B07099C34}.Debug|x86.ActiveCfg = Debug|Win32
		{0D0144C0-8802-4A58-A2BB-642B07099C34}.Debug|x86.Build.0 = Debug|Win32
		{0D0144C0-8802-4A58-A2BB-642B07099C34}.Release|x64.ActiveCfg = Release|x64
		{0D0144C0-8802-4A58-A2BB-642B07099C34}.Release|x64.Build.0 = Release|x64
		{0D0144C0-8802-4A58-A2BB-642B07099C34}.Release|x86.ActiveCfg = Release|Win32
		{0D0144C0-8802-4A58-A2BB-642B07099C34}.Release|x86.Build.0 = Release|Win32
		{8CFE092C-BF20-4948-A29A-B787824D4B4D}.Debug|x64.ActiveCfg = Debug|x64
		{8CFE092C-BF20-4948-A29A-B787824D4B4D}.Debug|x64.Build.0 = Debug|x64
		{8CFE092C-BF20-4948-A29A-B787824D4B4D}.Debug|x86.ActiveCfg = Debug|Win32
		{8CFE092C-BF20-4948-A29A-B787824D4B4D}.Debug|x86.Build.0 = Debug|Win32
		{8CFE092C-BF20-4948-A29A-B787824D4B4D}.Release|x64.ActiveCfg = Release|x64
		{8CFE092C-BF20-4948-A29A-B787824D4B4D}.Release|x64.Build.0 = Release|x64
		{8CFE092C-BF20-4948-A29A-B787824D4B4D}.Release|x86.ActiveCfg = Release|Win32
		{8CFE092C-BF20-4948-A29A-B787824D4B4D}.Release|x86.Build.0 = Release|Win32
		{CCAB1166-1927-41C7-A277-E9825EF74F1C}.Debug|x64.ActiveCfg = Debug|x64
		{CCAB1166-1927-41C7-A277-E9825EF74F1C}.Debug|x64.Build.0 = Debug|x64
		{CCAB1166-1927-41C7-A277-E9825EF74F1C}.Debug|x86.ActiveCfg = Debug|Win32
		{CCAB1166-1927-41C7-A277-E9825EF74F1C}.Debug|x86.Build.0 = Debug|Win32
		{CCAB1166-1927-41C7-A277-E9825EF74F1C}.Release|x64.ActiveCfg = Release|x64
		{CCAB1166-1927-41C7-A277-E9825EF74F1C}.Release|x64.Build.0 = Release|x64
		{CCAB1166-1927-41C7-A277-E9825EF74F1C}.Release|x86.ActiveCfg = Release|Win32
		{CCAB1166-1927-41C7-A277-E9825EF74F1C}.Release|x86.Build.0 = Release|Win32
		{1AE6A2A8-889A-48CE-81F3-C5AA5974E681}.Debug|x64.ActiveCfg = Debug|x64
		{1AE6A2A8-889A-48CE-81F3-C5AA5974E681}.Debug|x64.Build.0 = Debug|x64
		{1AE6A2A8-889A-48CE-81F3-C5AA5974E681}.Debug|x86.ActiveCfg = Debug|Win32
		{1AE6A2A8-889A-48CE-81F3-C5AA5974E681}.Debug|x86.Build.0 = Debug|Win32
		{1AE6A2A8-889A-48CE-81F3-C5AA5974E681}.Release|x64.ActiveCfg = Release|x64
		{1AE6A2A8-889A-48CE-81F3-C5AA5974E681}.Release|x64.Build.0 = Release|x64
		{1AE6A2A8-889A-48CE-81F3-C5AA5974E681}.Release|x86.ActiveCfg = Release|Win32
		{1AE6A2A8-889A-48CE-81F3-C5AA5974E681}.Release|x86.Build.0 = Release|Win32
	EndGlobalSection
	GlobalSection(SolutionProperties) = preSolution
		HideSolutionNode = FALSE
	EndGlobalSection
	GlobalSection(ExtensibilityGlobals) = postSolution
		SolutionGuid = {57668E25-4FF8-4A9F-A3F8-93F9C941B057}
	EndGlobalSection
EndGlobal
