
Microsoft Visual Studio Solution File, Format Version 12.00
# Visual Studio 15
VisualStudioVersion = 15.0.28307.2017
MinimumVisualStudioVersion = 10.0.40219.1
Project("{8BC9CEB8-8B4A-11D0-8D11-00A0C91BC942}") = "01vector容器", "01_vector\01_vector.vcxproj", "{AF69F5DA-B13C-42C9-B4ED-DCB4E9A56676}"
EndProject
Project("{8BC9CEB8-8B4A-11D0-8D11-00A0C91BC942}") = "02vector存放自定义数据类型", "02vector存放自定义数据类型\02vector存放自定义数据类型.vcxproj", "{55845E2B-8F3A-4125-859B-E1D786C54D78}"
EndProject
Project("{8BC9CEB8-8B4A-11D0-8D11-00A0C91BC942}") = "03嵌套的vector容器", "03嵌套的vector容器\03嵌套的vector容器.vcxproj", "{810E1452-79D0-4979-B8B6-08CD76219C00}"
EndProject
Project("{8BC9CEB8-8B4A-11D0-8D11-00A0C91BC942}") = "04string的构造函数", "04string的构造函数\04string的构造函数.vcxproj", "{1B9B7EB9-EE0F-44F2-BACA-55CFFF440EA4}"
EndProject
Project("{8BC9CEB8-8B4A-11D0-8D11-00A0C91BC942}") = "05string的赋值操作", "05string的赋值操作\05string的赋值操作.vcxproj", "{8EC0951B-E9E0-4ACB-985A-D1535AE54F0A}"
EndProject
Project("{8BC9CEB8-8B4A-11D0-8D11-00A0C91BC942}") = "06string字符串的拼接", "string字符串的拼接\string字符串的拼接.vcxproj", "{7BE270E0-7D76-4536-A16D-9E3D276B39D6}"
EndProject
Project("{8BC9CEB8-8B4A-11D0-8D11-00A0C91BC942}") = "07string字符串的查找和替换", "07string字符串的查找和替换\07string字符串的查找和替换.vcxproj", "{1844B841-4792-4175-B38C-F0117FF96AFD}"
EndProject
Project("{8BC9CEB8-8B4A-11D0-8D11-00A0C91BC942}") = "08string字符串比较", "08string字符串比较\08string字符串比较.vcxproj", "{68E878E2-3C80-4E76-BAD2-7E9CBBA4CC78}"
EndProject
Project("{8BC9CEB8-8B4A-11D0-8D11-00A0C91BC942}") = "09string字符串的存取", "09string字符串的存取\09string字符串的存取.vcxproj", "{1EDAA775-E747-4C26-B602-0863563BD203}"
EndProject
Project("{8BC9CEB8-8B4A-11D0-8D11-00A0C91BC942}") = "10string字符串的插入和删除", "10string字符串的插入和删除\10string字符串的插入和删除.vcxproj", "{CD3E2117-16D8-46B7-B733-F77B5FED798F}"
EndProject
Project("{8BC9CEB8-8B4A-11D0-8D11-00A0C91BC942}") = "11string字符串字串", "11string字符串字串\11string字符串字串.vcxproj", "{F3D18C06-FE80-43E8-A2A4-D9934ED29DE0}"
EndProject
Project("{8BC9CEB8-8B4A-11D0-8D11-00A0C91BC942}") = "12vector容器", "12vector容器\12vector容器.vcxproj", "{E371D135-BBAA-4898-B3AC-5CF44BA4BFC8}"
EndProject
Project("{8BC9CEB8-8B4A-11D0-8D11-00A0C91BC942}") = "13vector的赋值", "13vector的赋值\13vector的赋值.vcxproj", "{06E0E732-3B9C-46F1-8984-D56B98155EE2}"
EndProject
Project("{8BC9CEB8-8B4A-11D0-8D11-00A0C91BC942}") = "14vector的容量和大小", "14vector的容量和大小\14vector的容量和大小.vcxproj", "{F8E708FD-5D60-4A76-9B95-E5582262BCDD}"
EndProject
Project("{8BC9CEB8-8B4A-11D0-8D11-00A0C91BC942}") = "15vector的插入和删除", "15vector的插入和删除\15vector的插入和删除.vcxproj", "{CC51E5BA-6301-4658-B490-E631D68CC522}"
EndProject
Project("{8BC9CEB8-8B4A-11D0-8D11-00A0C91BC942}") = "16vector数据存取", "16vector数据存取\16vector数据存取.vcxproj", "{131BC97E-2E25-49F3-943D-C2499696FA4C}"
EndProject
Project("{8BC9CEB8-8B4A-11D0-8D11-00A0C91BC942}") = "17vector互换容器", "17vector互换容器\17vector互换容器.vcxproj", "{223F4DB3-20B0-43B7-91DF-219484818141}"
EndProject
Project("{8BC9CEB8-8B4A-11D0-8D11-00A0C91BC942}") = "18vector预留空间", "18vector预留空间\18vector预留空间.vcxproj", "{FE926BAE-767F-48FA-AF94-5A3F3EFBFDA9}"
EndProject
Project("{8BC9CEB8-8B4A-11D0-8D11-00A0C91BC942}") = "19deque容器构造和赋值", "19deque容器构造\19deque容器构造.vcxproj", "{2BE9F7D6-E1D9-4933-BE66-043AC6BA0217}"
EndProject
Project("{8BC9CEB8-8B4A-11D0-8D11-00A0C91BC942}") = "20deque插入和删除", "20deque插入和删除\20deque插入和删除.vcxproj", "{A61474FA-9059-4877-A702-FCBBB41FB79A}"
EndProject
Project("{8BC9CEB8-8B4A-11D0-8D11-00A0C91BC942}") = "21deque数据存取", "21deque数据存取\21deque数据存取.vcxproj", "{4DD5F648-1029-4443-B840-DCCEEE363D1B}"
EndProject
Project("{8BC9CEB8-8B4A-11D0-8D11-00A0C91BC942}") = "22deque排序", "22deque排序\22deque排序.vcxproj", "{F1C7A530-A418-4675-8C62-EB9681B6313C}"
EndProject
Project("{8BC9CEB8-8B4A-11D0-8D11-00A0C91BC942}") = "23案例-评委打分", "23案例-评委打分\23案例-评委打分.vcxproj", "{AA0E2725-E896-4BA1-BAAE-0FA798C0BBFA}"
EndProject
Project("{8BC9CEB8-8B4A-11D0-8D11-00A0C91BC942}") = "24stack栈容器", "24stack栈容器\24stack栈容器.vcxproj", "{B3566A61-2305-4B12-A45F-A69388FA4C7D}"
EndProject
Project("{8BC9CEB8-8B4A-11D0-8D11-00A0C91BC942}") = "25queue队列容器", "25queue队列容器\25queue队列容器.vcxproj", "{23A60BE0-98CB-4DB4-8440-F23AC7F15772}"
EndProject
Project("{8BC9CEB8-8B4A-11D0-8D11-00A0C91BC942}") = "26list链表容器", "16list链表容器\16list链表容器.vcxproj", "{6191535E-11ED-41B1-9ADE-F58BFEFEAE56}"
EndProject
Project("{8BC9CEB8-8B4A-11D0-8D11-00A0C91BC942}") = "27list链表大小操作", "27list链表大小操作\27list链表大小操作.vcxproj", "{8EA250C9-134F-4829-AC7B-27435A5636B8}"
EndProject
Project("{8BC9CEB8-8B4A-11D0-8D11-00A0C91BC942}") = "28list链表反转和排序", "28list链表排序\28list链表排序.vcxproj", "{45AD5B5D-2C36-4855-B9AC-FD6D7321C0D0}"
EndProject
Project("{8BC9CEB8-8B4A-11D0-8D11-00A0C91BC942}") = "29list链表案例", "29list链表案例\29list链表案例.vcxproj", "{3CC4A038-1AB4-4856-BA73-F73A957E9B8A}"
EndProject
Project("{8BC9CEB8-8B4A-11D0-8D11-00A0C91BC942}") = "30set容器", "set容器\set容器.vcxproj", "{D34E08DB-7D71-4A4F-93E1-8FDD8396A4A8}"
EndProject
Project("{8BC9CEB8-8B4A-11D0-8D11-00A0C91BC942}") = "32multiset容器", "multiset容器\multiset容器.vcxproj", "{E92D6F6B-9A20-43AB-877A-04F0834150C4}"
EndProject
Project("{8BC9CEB8-8B4A-11D0-8D11-00A0C91BC942}") = "31set查找和统计", "31set查找和统计\31set查找和统计.vcxproj", "{A8BB532E-AF57-4F14-8CCC-B5A8CDAC35D9}"
EndProject
Project("{8BC9CEB8-8B4A-11D0-8D11-00A0C91BC942}") = "33pair对组的使用", "33pair对组的使用\33pair对组的使用.vcxproj", "{C07A8D96-F5D1-4A82-BAE3-730D5DB3E96B}"
EndProject
Project("{8BC9CEB8-8B4A-11D0-8D11-00A0C91BC942}") = "34set容器修改排序规则", "34set容器修改排序规则\34set容器修改排序规则.vcxproj", "{B3367D06-E48E-4DA2-9AA5-E03DAAF8CA51}"
EndProject
Project("{8BC9CEB8-8B4A-11D0-8D11-00A0C91BC942}") = "35set自定义类型排序", "35set自定义类型排序\35set自定义类型排序.vcxproj", "{807BE7E5-68BF-4B88-B0BF-0DA563FCF9E1}"
EndProject
Project("{8BC9CEB8-8B4A-11D0-8D11-00A0C91BC942}") = "36map容器", "36map容器\36map容器.vcxproj", "{E44CC6E6-829E-4F0B-ADDB-8ED91FE96E17}"
EndProject
Project("{8BC9CEB8-8B4A-11D0-8D11-00A0C91BC942}") = "37map容器大小和交换", "37map容器大小和交换\37map容器大小和交换.vcxproj", "{622EC881-5A4E-41B9-967D-DD33BBB93F47}"
EndProject
Project("{8BC9CEB8-8B4A-11D0-8D11-00A0C91BC942}") = "38map容器插入和删除", "38map容器插入和删除\38map容器插入和删除.vcxproj", "{1D3B1F66-16D0-49B2-8B74-29A58A955837}"
EndProject
Project("{8BC9CEB8-8B4A-11D0-8D11-00A0C91BC942}") = "39map容器查找和统计", "39map容器查找和统计\39map容器查找和统计.vcxproj", "{8FA1AC5D-76C7-41FE-A2B2-93D16F42C1F2}"
EndProject
Project("{8BC9CEB8-8B4A-11D0-8D11-00A0C91BC942}") = "40map容器排序", "40map容器排序\40map容器排序.vcxproj", "{91364BF9-DF90-4C23-9764-D25E79B33DD7}"
EndProject
Project("{8BC9CEB8-8B4A-11D0-8D11-00A0C91BC942}") = "41案例-员工分组", "41案例-员工分组\41案例-员工分组.vcxproj", "{001C0277-93EA-4DF8-B985-56EAE8D47FEE}"
EndProject
Project("{8BC9CEB8-8B4A-11D0-8D11-00A0C91BC942}") = "42函数对象(仿函数)", "42函数对象(仿函数)\42函数对象(仿函数).vcxproj", "{6F8E316D-B608-4D5A-B975-5C2B8378CAC5}"
EndProject
Project("{8BC9CEB8-8B4A-11D0-8D11-00A0C91BC942}") = "43谓词-函数对象", "43谓词-函数对象\43谓词-函数对象.vcxproj", "{5B131EEF-AEDD-4B6D-B238-6044BBAFEFF8}"
EndProject
Project("{8BC9CEB8-8B4A-11D0-8D11-00A0C91BC942}") = "44内建仿函数-算数仿函数", "44内建仿函数\44内建仿函数.vcxproj", "{0486DEB7-FFEE-4B0C-8AA1-B5EDCE17907F}"
EndProject
Project("{8BC9CEB8-8B4A-11D0-8D11-00A0C91BC942}") = "45内建仿函数-关系仿函数", "45内建仿函数-关系仿函数\45内建仿函数-关系仿函数.vcxproj", "{9B399410-B456-4A68-960C-F6FB8D0E9796}"
EndProject
Project("{8BC9CEB8-8B4A-11D0-8D11-00A0C91BC942}") = "46内建仿函数-逻辑仿函数", "46内建仿函数-逻辑仿函数\46内建仿函数-逻辑仿函数.vcxproj", "{0FAFC17D-9B6A-44FD-A88B-B77E7EF45D57}"
EndProject
Project("{8BC9CEB8-8B4A-11D0-8D11-00A0C91BC942}") = "47algorithm-for_each", "47algorithm-for_each\47algorithm-for_each.vcxproj", "{18BD5175-5D6F-43F6-8C4E-B249E4A6D622}"
EndProject
Project("{8BC9CEB8-8B4A-11D0-8D11-00A0C91BC942}") = "48algorithm-transform", "48algorithm-transform\48algorithm-transform.vcxproj", "{65279CF5-33F6-4906-BB23-A8ECC83E8663}"
EndProject
Project("{8BC9CEB8-8B4A-11D0-8D11-00A0C91BC942}") = "49algorithm-find", "49algorithm-find\49algorithm-find.vcxproj", "{CD2818FD-E708-4CF2-B378-62BC329D7B34}"
EndProject
Project("{8BC9CEB8-8B4A-11D0-8D11-00A0C91BC942}") = "50algorithm-find_if", "50algorithm-find_if\50algorithm-find_if.vcxproj", "{8BA2F29F-E6FF-4A63-AD43-2ACCC515C101}"
EndProject
Project("{8BC9CEB8-8B4A-11D0-8D11-00A0C91BC942}") = "51algorithm-adjacent_find", "51algorithm-adjacent_find\51algorithm-adjacent_find.vcxproj", "{3589B77E-E975-4503-9160-964F631DCE52}"
EndProject
Project("{8BC9CEB8-8B4A-11D0-8D11-00A0C91BC942}") = "52algorithm-binary_search", "52algorithm-binary_search\52algorithm-binary_search.vcxproj", "{5E400575-B41B-4EA1-A705-8E5DC6162998}"
EndProject
Project("{8BC9CEB8-8B4A-11D0-8D11-00A0C91BC942}") = "53algorithm-count", "53algorithm-count\53algorithm-count.vcxproj", "{8C1365FF-253C-4698-84AC-AF4152CDFB69}"
EndProject
Project("{8BC9CEB8-8B4A-11D0-8D11-00A0C91BC942}") = "54algorithm-count_if", "54algorithm-count_if\54algorithm-count_if.vcxproj", "{73810E89-8EB8-46CD-86D8-8BE4D501EEDB}"
EndProject
Project("{8BC9CEB8-8B4A-11D0-8D11-00A0C91BC942}") = "55algorithm-sort", "55algorithm-sort\55algorithm-sort.vcxproj", "{B8C7E87E-6B5B-46F9-B829-CB00B341376C}"
EndProject
Project("{8BC9CEB8-8B4A-11D0-8D11-00A0C91BC942}") = "56algorithm-random_shuffle", "56algorithm-random_shuffle\56algorithm-random_shuffle.vcxproj", "{EA43B561-61B8-4FE4-9102-4F64FB24E926}"
EndProject
Project("{8BC9CEB8-8B4A-11D0-8D11-00A0C91BC942}") = "57algorithm-merge", "57algorithm-merge\57algorithm-merge.vcxproj", "{3E1075E0-65A6-483C-A4C3-3DF1CA6220CD}"
EndProject
Project("{8BC9CEB8-8B4A-11D0-8D11-00A0C91BC942}") = "58algorithm-reverse", "58algorithm-reverse\58algorithm-reverse.vcxproj", "{9EBABD30-E4D3-44CF-A764-C40924C3994B}"
EndProject
Project("{8BC9CEB8-8B4A-11D0-8D11-00A0C91BC942}") = "59algorithm-copy", "59algorithm-copy\59algorithm-copy.vcxproj", "{A04D0F09-7DFD-4053-9343-FDA381EF353F}"
EndProject
Project("{8BC9CEB8-8B4A-11D0-8D11-00A0C91BC942}") = "60algorithm-replace", "60algorithm-replace\60algorithm-replace.vcxproj", "{C412F7BD-3148-4913-874C-F38946AA78DE}"
EndProject
Project("{8BC9CEB8-8B4A-11D0-8D11-00A0C91BC942}") = "61algorithm-replace_if", "61algorithm-replace_if\61algorithm-replace_if.vcxproj", "{49FECC3D-E359-4610-B135-5247BF5BD745}"
EndProject
Project("{8BC9CEB8-8B4A-11D0-8D11-00A0C91BC942}") = "62algorithm-swap", "62algorithm-swap\62algorithm-swap.vcxproj", "{25D1A3E6-6E0B-4FE2-B6B0-2FF9C1C1B2FB}"
EndProject
Global
	GlobalSection(SolutionConfigurationPlatforms) = preSolution
		Debug|x64 = Debug|x64
		Debug|x86 = Debug|x86
		Release|x64 = Release|x64
		Release|x86 = Release|x86
	EndGlobalSection
	GlobalSection(ProjectConfigurationPlatforms) = postSolution
		{AF69F5DA-B13C-42C9-B4ED-DCB4E9A56676}.Debug|x64.ActiveCfg = Debug|x64
		{AF69F5DA-B13C-42C9-B4ED-DCB4E9A56676}.Debug|x64.Build.0 = Debug|x64
		{AF69F5DA-B13C-42C9-B4ED-DCB4E9A56676}.Debug|x86.ActiveCfg = Debug|Win32
		{AF69F5DA-B13C-42C9-B4ED-DCB4E9A56676}.Debug|x86.Build.0 = Debug|Win32
		{AF69F5DA-B13C-42C9-B4ED-DCB4E9A56676}.Release|x64.ActiveCfg = Release|x64
		{AF69F5DA-B13C-42C9-B4ED-DCB4E9A56676}.Release|x64.Build.0 = Release|x64
		{AF69F5DA-B13C-42C9-B4ED-DCB4E9A56676}.Release|x86.ActiveCfg = Release|Win32
		{AF69F5DA-B13C-42C9-B4ED-DCB4E9A56676}.Release|x86.Build.0 = Release|Win32
		{55845E2B-8F3A-4125-859B-E1D786C54D78}.Debug|x64.ActiveCfg = Debug|x64
		{55845E2B-8F3A-4125-859B-E1D786C54D78}.Debug|x64.Build.0 = Debug|x64
		{55845E2B-8F3A-4125-859B-E1D786C54D78}.Debug|x86.ActiveCfg = Debug|Win32
		{55845E2B-8F3A-4125-859B-E1D786C54D78}.Debug|x86.Build.0 = Debug|Win32
		{55845E2B-8F3A-4125-859B-E1D786C54D78}.Release|x64.ActiveCfg = Release|x64
		{55845E2B-8F3A-4125-859B-E1D786C54D78}.Release|x64.Build.0 = Release|x64
		{55845E2B-8F3A-4125-859B-E1D786C54D78}.Release|x86.ActiveCfg = Release|Win32
		{55845E2B-8F3A-4125-859B-E1D786C54D78}.Release|x86.Build.0 = Release|Win32
		{810E1452-79D0-4979-B8B6-08CD76219C00}.Debug|x64.ActiveCfg = Debug|x64
		{810E1452-79D0-4979-B8B6-08CD76219C00}.Debug|x64.Build.0 = Debug|x64
		{810E1452-79D0-4979-B8B6-08CD76219C00}.Debug|x86.ActiveCfg = Debug|Win32
		{810E1452-79D0-4979-B8B6-08CD76219C00}.Debug|x86.Build.0 = Debug|Win32
		{810E1452-79D0-4979-B8B6-08CD76219C00}.Release|x64.ActiveCfg = Release|x64
		{810E1452-79D0-4979-B8B6-08CD76219C00}.Release|x64.Build.0 = Release|x64
		{810E1452-79D0-4979-B8B6-08CD76219C00}.Release|x86.ActiveCfg = Release|Win32
		{810E1452-79D0-4979-B8B6-08CD76219C00}.Release|x86.Build.0 = Release|Win32
		{1B9B7EB9-EE0F-44F2-BACA-55CFFF440EA4}.Debug|x64.ActiveCfg = Debug|x64
		{1B9B7EB9-EE0F-44F2-BACA-55CFFF440EA4}.Debug|x64.Build.0 = Debug|x64
		{1B9B7EB9-EE0F-44F2-BACA-55CFFF440EA4}.Debug|x86.ActiveCfg = Debug|Win32
		{1B9B7EB9-EE0F-44F2-BACA-55CFFF440EA4}.Debug|x86.Build.0 = Debug|Win32
		{1B9B7EB9-EE0F-44F2-BACA-55CFFF440EA4}.Release|x64.ActiveCfg = Release|x64
		{1B9B7EB9-EE0F-44F2-BACA-55CFFF440EA4}.Release|x64.Build.0 = Release|x64
		{1B9B7EB9-EE0F-44F2-BACA-55CFFF440EA4}.Release|x86.ActiveCfg = Release|Win32
		{1B9B7EB9-EE0F-44F2-BACA-55CFFF440EA4}.Release|x86.Build.0 = Release|Win32
		{8EC0951B-E9E0-4ACB-985A-D1535AE54F0A}.Debug|x64.ActiveCfg = Debug|x64
		{8EC0951B-E9E0-4ACB-985A-D1535AE54F0A}.Debug|x64.Build.0 = Debug|x64
		{8EC0951B-E9E0-4ACB-985A-D1535AE54F0A}.Debug|x86.ActiveCfg = Debug|Win32
		{8EC0951B-E9E0-4ACB-985A-D1535AE54F0A}.Debug|x86.Build.0 = Debug|Win32
		{8EC0951B-E9E0-4ACB-985A-D1535AE54F0A}.Release|x64.ActiveCfg = Release|x64
		{8EC0951B-E9E0-4ACB-985A-D1535AE54F0A}.Release|x64.Build.0 = Release|x64
		{8EC0951B-E9E0-4ACB-985A-D1535AE54F0A}.Release|x86.ActiveCfg = Release|Win32
		{8EC0951B-E9E0-4ACB-985A-D1535AE54F0A}.Release|x86.Build.0 = Release|Win32
		{7BE270E0-7D76-4536-A16D-9E3D276B39D6}.Debug|x64.ActiveCfg = Debug|x64
		{7BE270E0-7D76-4536-A16D-9E3D276B39D6}.Debug|x64.Build.0 = Debug|x64
		{7BE270E0-7D76-4536-A16D-9E3D276B39D6}.Debug|x86.ActiveCfg = Debug|Win32
		{7BE270E0-7D76-4536-A16D-9E3D276B39D6}.Debug|x86.Build.0 = Debug|Win32
		{7BE270E0-7D76-4536-A16D-9E3D276B39D6}.Release|x64.ActiveCfg = Release|x64
		{7BE270E0-7D76-4536-A16D-9E3D276B39D6}.Release|x64.Build.0 = Release|x64
		{7BE270E0-7D76-4536-A16D-9E3D276B39D6}.Release|x86.ActiveCfg = Release|Win32
		{7BE270E0-7D76-4536-A16D-9E3D276B39D6}.Release|x86.Build.0 = Release|Win32
		{1844B841-4792-4175-B38C-F0117FF96AFD}.Debug|x64.ActiveCfg = Debug|x64
		{1844B841-4792-4175-B38C-F0117FF96AFD}.Debug|x64.Build.0 = Debug|x64
		{1844B841-4792-4175-B38C-F0117FF96AFD}.Debug|x86.ActiveCfg = Debug|Win32
		{1844B841-4792-4175-B38C-F0117FF96AFD}.Debug|x86.Build.0 = Debug|Win32
		{1844B841-4792-4175-B38C-F0117FF96AFD}.Release|x64.ActiveCfg = Release|x64
		{1844B841-4792-4175-B38C-F0117FF96AFD}.Release|x64.Build.0 = Release|x64
		{1844B841-4792-4175-B38C-F0117FF96AFD}.Release|x86.ActiveCfg = Release|Win32
		{1844B841-4792-4175-B38C-F0117FF96AFD}.Release|x86.Build.0 = Release|Win32
		{68E878E2-3C80-4E76-BAD2-7E9CBBA4CC78}.Debug|x64.ActiveCfg = Debug|x64
		{68E878E2-3C80-4E76-BAD2-7E9CBBA4CC78}.Debug|x64.Build.0 = Debug|x64
		{68E878E2-3C80-4E76-BAD2-7E9CBBA4CC78}.Debug|x86.ActiveCfg = Debug|Win32
		{68E878E2-3C80-4E76-BAD2-7E9CBBA4CC78}.Debug|x86.Build.0 = Debug|Win32
		{68E878E2-3C80-4E76-BAD2-7E9CBBA4CC78}.Release|x64.ActiveCfg = Release|x64
		{68E878E2-3C80-4E76-BAD2-7E9CBBA4CC78}.Release|x64.Build.0 = Release|x64
		{68E878E2-3C80-4E76-BAD2-7E9CBBA4CC78}.Release|x86.ActiveCfg = Release|Win32
		{68E878E2-3C80-4E76-BAD2-7E9CBBA4CC78}.Release|x86.Build.0 = Release|Win32
		{1EDAA775-E747-4C26-B602-0863563BD203}.Debug|x64.ActiveCfg = Debug|x64
		{1EDAA775-E747-4C26-B602-0863563BD203}.Debug|x64.Build.0 = Debug|x64
		{1EDAA775-E747-4C26-B602-0863563BD203}.Debug|x86.ActiveCfg = Debug|Win32
		{1EDAA775-E747-4C26-B602-0863563BD203}.Debug|x86.Build.0 = Debug|Win32
		{1EDAA775-E747-4C26-B602-0863563BD203}.Release|x64.ActiveCfg = Release|x64
		{1EDAA775-E747-4C26-B602-0863563BD203}.Release|x64.Build.0 = Release|x64
		{1EDAA775-E747-4C26-B602-0863563BD203}.Release|x86.ActiveCfg = Release|Win32
		{1EDAA775-E747-4C26-B602-0863563BD203}.Release|x86.Build.0 = Release|Win32
		{CD3E2117-16D8-46B7-B733-F77B5FED798F}.Debug|x64.ActiveCfg = Debug|x64
		{CD3E2117-16D8-46B7-B733-F77B5FED798F}.Debug|x64.Build.0 = Debug|x64
		{CD3E2117-16D8-46B7-B733-F77B5FED798F}.Debug|x86.ActiveCfg = Debug|Win32
		{CD3E2117-16D8-46B7-B733-F77B5FED798F}.Debug|x86.Build.0 = Debug|Win32
		{CD3E2117-16D8-46B7-B733-F77B5FED798F}.Release|x64.ActiveCfg = Release|x64
		{CD3E2117-16D8-46B7-B733-F77B5FED798F}.Release|x64.Build.0 = Release|x64
		{CD3E2117-16D8-46B7-B733-F77B5FED798F}.Release|x86.ActiveCfg = Release|Win32
		{CD3E2117-16D8-46B7-B733-F77B5FED798F}.Release|x86.Build.0 = Release|Win32
		{F3D18C06-FE80-43E8-A2A4-D9934ED29DE0}.Debug|x64.ActiveCfg = Debug|x64
		{F3D18C06-FE80-43E8-A2A4-D9934ED29DE0}.Debug|x64.Build.0 = Debug|x64
		{F3D18C06-FE80-43E8-A2A4-D9934ED29DE0}.Debug|x86.ActiveCfg = Debug|Win32
		{F3D18C06-FE80-43E8-A2A4-D9934ED29DE0}.Debug|x86.Build.0 = Debug|Win32
		{F3D18C06-FE80-43E8-A2A4-D9934ED29DE0}.Release|x64.ActiveCfg = Release|x64
		{F3D18C06-FE80-43E8-A2A4-D9934ED29DE0}.Release|x64.Build.0 = Release|x64
		{F3D18C06-FE80-43E8-A2A4-D9934ED29DE0}.Release|x86.ActiveCfg = Release|Win32
		{F3D18C06-FE80-43E8-A2A4-D9934ED29DE0}.Release|x86.Build.0 = Release|Win32
		{E371D135-BBAA-4898-B3AC-5CF44BA4BFC8}.Debug|x64.ActiveCfg = Debug|x64
		{E371D135-BBAA-4898-B3AC-5CF44BA4BFC8}.Debug|x64.Build.0 = Debug|x64
		{E371D135-BBAA-4898-B3AC-5CF44BA4BFC8}.Debug|x86.ActiveCfg = Debug|Win32
		{E371D135-BBAA-4898-B3AC-5CF44BA4BFC8}.Debug|x86.Build.0 = Debug|Win32
		{E371D135-BBAA-4898-B3AC-5CF44BA4BFC8}.Release|x64.ActiveCfg = Release|x64
		{E371D135-BBAA-4898-B3AC-5CF44BA4BFC8}.Release|x64.Build.0 = Release|x64
		{E371D135-BBAA-4898-B3AC-5CF44BA4BFC8}.Release|x86.ActiveCfg = Release|Win32
		{E371D135-BBAA-4898-B3AC-5CF44BA4BFC8}.Release|x86.Build.0 = Release|Win32
		{06E0E732-3B9C-46F1-8984-D56B98155EE2}.Debug|x64.ActiveCfg = Debug|x64
		{06E0E732-3B9C-46F1-8984-D56B98155EE2}.Debug|x64.Build.0 = Debug|x64
		{06E0E732-3B9C-46F1-8984-D56B98155EE2}.Debug|x86.ActiveCfg = Debug|Win32
		{06E0E732-3B9C-46F1-8984-D56B98155EE2}.Debug|x86.Build.0 = Debug|Win32
		{06E0E732-3B9C-46F1-8984-D56B98155EE2}.Release|x64.ActiveCfg = Release|x64
		{06E0E732-3B9C-46F1-8984-D56B98155EE2}.Release|x64.Build.0 = Release|x64
		{06E0E732-3B9C-46F1-8984-D56B98155EE2}.Release|x86.ActiveCfg = Release|Win32
		{06E0E732-3B9C-46F1-8984-D56B98155EE2}.Release|x86.Build.0 = Release|Win32
		{F8E708FD-5D60-4A76-9B95-E5582262BCDD}.Debug|x64.ActiveCfg = Debug|x64
		{F8E708FD-5D60-4A76-9B95-E5582262BCDD}.Debug|x64.Build.0 = Debug|x64
		{F8E708FD-5D60-4A76-9B95-E5582262BCDD}.Debug|x86.ActiveCfg = Debug|Win32
		{F8E708FD-5D60-4A76-9B95-E5582262BCDD}.Debug|x86.Build.0 = Debug|Win32
		{F8E708FD-5D60-4A76-9B95-E5582262BCDD}.Release|x64.ActiveCfg = Release|x64
		{F8E708FD-5D60-4A76-9B95-E5582262BCDD}.Release|x64.Build.0 = Release|x64
		{F8E708FD-5D60-4A76-9B95-E5582262BCDD}.Release|x86.ActiveCfg = Release|Win32
		{F8E708FD-5D60-4A76-9B95-E5582262BCDD}.Release|x86.Build.0 = Release|Win32
		{CC51E5BA-6301-4658-B490-E631D68CC522}.Debug|x64.ActiveCfg = Debug|x64
		{CC51E5BA-6301-4658-B490-E631D68CC522}.Debug|x64.Build.0 = Debug|x64
		{CC51E5BA-6301-4658-B490-E631D68CC522}.Debug|x86.ActiveCfg = Debug|Win32
		{CC51E5BA-6301-4658-B490-E631D68CC522}.Debug|x86.Build.0 = Debug|Win32
		{CC51E5BA-6301-4658-B490-E631D68CC522}.Release|x64.ActiveCfg = Release|x64
		{CC51E5BA-6301-4658-B490-E631D68CC522}.Release|x64.Build.0 = Release|x64
		{CC51E5BA-6301-4658-B490-E631D68CC522}.Release|x86.ActiveCfg = Release|Win32
		{CC51E5BA-6301-4658-B490-E631D68CC522}.Release|x86.Build.0 = Release|Win32
		{131BC97E-2E25-49F3-943D-C2499696FA4C}.Debug|x64.ActiveCfg = Debug|x64
		{131BC97E-2E25-49F3-943D-C2499696FA4C}.Debug|x64.Build.0 = Debug|x64
		{131BC97E-2E25-49F3-943D-C2499696FA4C}.Debug|x86.ActiveCfg = Debug|Win32
		{131BC97E-2E25-49F3-943D-C2499696FA4C}.Debug|x86.Build.0 = Debug|Win32
		{131BC97E-2E25-49F3-943D-C2499696FA4C}.Release|x64.ActiveCfg = Release|x64
		{131BC97E-2E25-49F3-943D-C2499696FA4C}.Release|x64.Build.0 = Release|x64
		{131BC97E-2E25-49F3-943D-C2499696FA4C}.Release|x86.ActiveCfg = Release|Win32
		{131BC97E-2E25-49F3-943D-C2499696FA4C}.Release|x86.Build.0 = Release|Win32
		{223F4DB3-20B0-43B7-91DF-219484818141}.Debug|x64.ActiveCfg = Debug|x64
		{223F4DB3-20B0-43B7-91DF-219484818141}.Debug|x64.Build.0 = Debug|x64
		{223F4DB3-20B0-43B7-91DF-219484818141}.Debug|x86.ActiveCfg = Debug|Win32
		{223F4DB3-20B0-43B7-91DF-219484818141}.Debug|x86.Build.0 = Debug|Win32
		{223F4DB3-20B0-43B7-91DF-219484818141}.Release|x64.ActiveCfg = Release|x64
		{223F4DB3-20B0-43B7-91DF-219484818141}.Release|x64.Build.0 = Release|x64
		{223F4DB3-20B0-43B7-91DF-219484818141}.Release|x86.ActiveCfg = Release|Win32
		{223F4DB3-20B0-43B7-91DF-219484818141}.Release|x86.Build.0 = Release|Win32
		{FE926BAE-767F-48FA-AF94-5A3F3EFBFDA9}.Debug|x64.ActiveCfg = Debug|x64
		{FE926BAE-767F-48FA-AF94-5A3F3EFBFDA9}.Debug|x64.Build.0 = Debug|x64
		{FE926BAE-767F-48FA-AF94-5A3F3EFBFDA9}.Debug|x86.ActiveCfg = Debug|Win32
		{FE926BAE-767F-48FA-AF94-5A3F3EFBFDA9}.Debug|x86.Build.0 = Debug|Win32
		{FE926BAE-767F-48FA-AF94-5A3F3EFBFDA9}.Release|x64.ActiveCfg = Release|x64
		{FE926BAE-767F-48FA-AF94-5A3F3EFBFDA9}.Release|x64.Build.0 = Release|x64
		{FE926BAE-767F-48FA-AF94-5A3F3EFBFDA9}.Release|x86.ActiveCfg = Release|Win32
		{FE926BAE-767F-48FA-AF94-5A3F3EFBFDA9}.Release|x86.Build.0 = Release|Win32
		{2BE9F7D6-E1D9-4933-BE66-043AC6BA0217}.Debug|x64.ActiveCfg = Debug|x64
		{2BE9F7D6-E1D9-4933-BE66-043AC6BA0217}.Debug|x64.Build.0 = Debug|x64
		{2BE9F7D6-E1D9-4933-BE66-043AC6BA0217}.Debug|x86.ActiveCfg = Debug|Win32
		{2BE9F7D6-E1D9-4933-BE66-043AC6BA0217}.Debug|x86.Build.0 = Debug|Win32
		{2BE9F7D6-E1D9-4933-BE66-043AC6BA0217}.Release|x64.ActiveCfg = Release|x64
		{2BE9F7D6-E1D9-4933-BE66-043AC6BA0217}.Release|x64.Build.0 = Release|x64
		{2BE9F7D6-E1D9-4933-BE66-043AC6BA0217}.Release|x86.ActiveCfg = Release|Win32
		{2BE9F7D6-E1D9-4933-BE66-043AC6BA0217}.Release|x86.Build.0 = Release|Win32
		{A61474FA-9059-4877-A702-FCBBB41FB79A}.Debug|x64.ActiveCfg = Debug|x64
		{A61474FA-9059-4877-A702-FCBBB41FB79A}.Debug|x64.Build.0 = Debug|x64
		{A61474FA-9059-4877-A702-FCBBB41FB79A}.Debug|x86.ActiveCfg = Debug|Win32
		{A61474FA-9059-4877-A702-FCBBB41FB79A}.Debug|x86.Build.0 = Debug|Win32
		{A61474FA-9059-4877-A702-FCBBB41FB79A}.Release|x64.ActiveCfg = Release|x64
		{A61474FA-9059-4877-A702-FCBBB41FB79A}.Release|x64.Build.0 = Release|x64
		{A61474FA-9059-4877-A702-FCBBB41FB79A}.Release|x86.ActiveCfg = Release|Win32
		{A61474FA-9059-4877-A702-FCBBB41FB79A}.Release|x86.Build.0 = Release|Win32
		{4DD5F648-1029-4443-B840-DCCEEE363D1B}.Debug|x64.ActiveCfg = Debug|x64
		{4DD5F648-1029-4443-B840-DCCEEE363D1B}.Debug|x64.Build.0 = Debug|x64
		{4DD5F648-1029-4443-B840-DCCEEE363D1B}.Debug|x86.ActiveCfg = Debug|Win32
		{4DD5F648-1029-4443-B840-DCCEEE363D1B}.Debug|x86.Build.0 = Debug|Win32
		{4DD5F648-1029-4443-B840-DCCEEE363D1B}.Release|x64.ActiveCfg = Release|x64
		{4DD5F648-1029-4443-B840-DCCEEE363D1B}.Release|x64.Build.0 = Release|x64
		{4DD5F648-1029-4443-B840-DCCEEE363D1B}.Release|x86.ActiveCfg = Release|Win32
		{4DD5F648-1029-4443-B840-DCCEEE363D1B}.Release|x86.Build.0 = Release|Win32
		{F1C7A530-A418-4675-8C62-EB9681B6313C}.Debug|x64.ActiveCfg = Debug|x64
		{F1C7A530-A418-4675-8C62-EB9681B6313C}.Debug|x64.Build.0 = Debug|x64
		{F1C7A530-A418-4675-8C62-EB9681B6313C}.Debug|x86.ActiveCfg = Debug|Win32
		{F1C7A530-A418-4675-8C62-EB9681B6313C}.Debug|x86.Build.0 = Debug|Win32
		{F1C7A530-A418-4675-8C62-EB9681B6313C}.Release|x64.ActiveCfg = Release|x64
		{F1C7A530-A418-4675-8C62-EB9681B6313C}.Release|x64.Build.0 = Release|x64
		{F1C7A530-A418-4675-8C62-EB9681B6313C}.Release|x86.ActiveCfg = Release|Win32
		{F1C7A530-A418-4675-8C62-EB9681B6313C}.Release|x86.Build.0 = Release|Win32
		{AA0E2725-E896-4BA1-BAAE-0FA798C0BBFA}.Debug|x64.ActiveCfg = Debug|x64
		{AA0E2725-E896-4BA1-BAAE-0FA798C0BBFA}.Debug|x64.Build.0 = Debug|x64
		{AA0E2725-E896-4BA1-BAAE-0FA798C0BBFA}.Debug|x86.ActiveCfg = Debug|Win32
		{AA0E2725-E896-4BA1-BAAE-0FA798C0BBFA}.Debug|x86.Build.0 = Debug|Win32
		{AA0E2725-E896-4BA1-BAAE-0FA798C0BBFA}.Release|x64.ActiveCfg = Release|x64
		{AA0E2725-E896-4BA1-BAAE-0FA798C0BBFA}.Release|x64.Build.0 = Release|x64
		{AA0E2725-E896-4BA1-BAAE-0FA798C0BBFA}.Release|x86.ActiveCfg = Release|Win32
		{AA0E2725-E896-4BA1-BAAE-0FA798C0BBFA}.Release|x86.Build.0 = Release|Win32
		{B3566A61-2305-4B12-A45F-A69388FA4C7D}.Debug|x64.ActiveCfg = Debug|x64
		{B3566A61-2305-4B12-A45F-A69388FA4C7D}.Debug|x64.Build.0 = Debug|x64
		{B3566A61-2305-4B12-A45F-A69388FA4C7D}.Debug|x86.ActiveCfg = Debug|Win32
		{B3566A61-2305-4B12-A45F-A69388FA4C7D}.Debug|x86.Build.0 = Debug|Win32
		{B3566A61-2305-4B12-A45F-A69388FA4C7D}.Release|x64.ActiveCfg = Release|x64
		{B3566A61-2305-4B12-A45F-A69388FA4C7D}.Release|x64.Build.0 = Release|x64
		{B3566A61-2305-4B12-A45F-A69388FA4C7D}.Release|x86.ActiveCfg = Release|Win32
		{B3566A61-2305-4B12-A45F-A69388FA4C7D}.Release|x86.Build.0 = Release|Win32
		{23A60BE0-98CB-4DB4-8440-F23AC7F15772}.Debug|x64.ActiveCfg = Debug|x64
		{23A60BE0-98CB-4DB4-8440-F23AC7F15772}.Debug|x64.Build.0 = Debug|x64
		{23A60BE0-98CB-4DB4-8440-F23AC7F15772}.Debug|x86.ActiveCfg = Debug|Win32
		{23A60BE0-98CB-4DB4-8440-F23AC7F15772}.Debug|x86.Build.0 = Debug|Win32
		{23A60BE0-98CB-4DB4-8440-F23AC7F15772}.Release|x64.ActiveCfg = Release|x64
		{23A60BE0-98CB-4DB4-8440-F23AC7F15772}.Release|x64.Build.0 = Release|x64
		{23A60BE0-98CB-4DB4-8440-F23AC7F15772}.Release|x86.ActiveCfg = Release|Win32
		{23A60BE0-98CB-4DB4-8440-F23AC7F15772}.Release|x86.Build.0 = Release|Win32
		{6191535E-11ED-41B1-9ADE-F58BFEFEAE56}.Debug|x64.ActiveCfg = Debug|x64
		{6191535E-11ED-41B1-9ADE-F58BFEFEAE56}.Debug|x64.Build.0 = Debug|x64
		{6191535E-11ED-41B1-9ADE-F58BFEFEAE56}.Debug|x86.ActiveCfg = Debug|Win32
		{6191535E-11ED-41B1-9ADE-F58BFEFEAE56}.Debug|x86.Build.0 = Debug|Win32
		{6191535E-11ED-41B1-9ADE-F58BFEFEAE56}.Release|x64.ActiveCfg = Release|x64
		{6191535E-11ED-41B1-9ADE-F58BFEFEAE56}.Release|x64.Build.0 = Release|x64
		{6191535E-11ED-41B1-9ADE-F58BFEFEAE56}.Release|x86.ActiveCfg = Release|Win32
		{6191535E-11ED-41B1-9ADE-F58BFEFEAE56}.Release|x86.Build.0 = Release|Win32
		{8EA250C9-134F-4829-AC7B-27435A5636B8}.Debug|x64.ActiveCfg = Debug|x64
		{8EA250C9-134F-4829-AC7B-27435A5636B8}.Debug|x64.Build.0 = Debug|x64
		{8EA250C9-134F-4829-AC7B-27435A5636B8}.Debug|x86.ActiveCfg = Debug|Win32
		{8EA250C9-134F-4829-AC7B-27435A5636B8}.Debug|x86.Build.0 = Debug|Win32
		{8EA250C9-134F-4829-AC7B-27435A5636B8}.Release|x64.ActiveCfg = Release|x64
		{8EA250C9-134F-4829-AC7B-27435A5636B8}.Release|x64.Build.0 = Release|x64
		{8EA250C9-134F-4829-AC7B-27435A5636B8}.Release|x86.ActiveCfg = Release|Win32
		{8EA250C9-134F-4829-AC7B-27435A5636B8}.Release|x86.Build.0 = Release|Win32
		{45AD5B5D-2C36-4855-B9AC-FD6D7321C0D0}.Debug|x64.ActiveCfg = Debug|x64
		{45AD5B5D-2C36-4855-B9AC-FD6D7321C0D0}.Debug|x64.Build.0 = Debug|x64
		{45AD5B5D-2C36-4855-B9AC-FD6D7321C0D0}.Debug|x86.ActiveCfg = Debug|Win32
		{45AD5B5D-2C36-4855-B9AC-FD6D7321C0D0}.Debug|x86.Build.0 = Debug|Win32
		{45AD5B5D-2C36-4855-B9AC-FD6D7321C0D0}.Release|x64.ActiveCfg = Release|x64
		{45AD5B5D-2C36-4855-B9AC-FD6D7321C0D0}.Release|x64.Build.0 = Release|x64
		{45AD5B5D-2C36-4855-B9AC-FD6D7321C0D0}.Release|x86.ActiveCfg = Release|Win32
		{45AD5B5D-2C36-4855-B9AC-FD6D7321C0D0}.Release|x86.Build.0 = Release|Win32
		{3CC4A038-1AB4-4856-BA73-F73A957E9B8A}.Debug|x64.ActiveCfg = Debug|x64
		{3CC4A038-1AB4-4856-BA73-F73A957E9B8A}.Debug|x64.Build.0 = Debug|x64
		{3CC4A038-1AB4-4856-BA73-F73A957E9B8A}.Debug|x86.ActiveCfg = Debug|Win32
		{3CC4A038-1AB4-4856-BA73-F73A957E9B8A}.Debug|x86.Build.0 = Debug|Win32
		{3CC4A038-1AB4-4856-BA73-F73A957E9B8A}.Release|x64.ActiveCfg = Release|x64
		{3CC4A038-1AB4-4856-BA73-F73A957E9B8A}.Release|x64.Build.0 = Release|x64
		{3CC4A038-1AB4-4856-BA73-F73A957E9B8A}.Release|x86.ActiveCfg = Release|Win32
		{3CC4A038-1AB4-4856-BA73-F73A957E9B8A}.Release|x86.Build.0 = Release|Win32
		{D34E08DB-7D71-4A4F-93E1-8FDD8396A4A8}.Debug|x64.ActiveCfg = Debug|x64
		{D34E08DB-7D71-4A4F-93E1-8FDD8396A4A8}.Debug|x64.Build.0 = Debug|x64
		{D34E08DB-7D71-4A4F-93E1-8FDD8396A4A8}.Debug|x86.ActiveCfg = Debug|Win32
		{D34E08DB-7D71-4A4F-93E1-8FDD8396A4A8}.Debug|x86.Build.0 = Debug|Win32
		{D34E08DB-7D71-4A4F-93E1-8FDD8396A4A8}.Release|x64.ActiveCfg = Release|x64
		{D34E08DB-7D71-4A4F-93E1-8FDD8396A4A8}.Release|x64.Build.0 = Release|x64
		{D34E08DB-7D71-4A4F-93E1-8FDD8396A4A8}.Release|x86.ActiveCfg = Release|Win32
		{D34E08DB-7D71-4A4F-93E1-8FDD8396A4A8}.Release|x86.Build.0 = Release|Win32
		{E92D6F6B-9A20-43AB-877A-04F0834150C4}.Debug|x64.ActiveCfg = Debug|x64
		{E92D6F6B-9A20-43AB-877A-04F0834150C4}.Debug|x64.Build.0 = Debug|x64
		{E92D6F6B-9A20-43AB-877A-04F0834150C4}.Debug|x86.ActiveCfg = Debug|Win32
		{E92D6F6B-9A20-43AB-877A-04F0834150C4}.Debug|x86.Build.0 = Debug|Win32
		{E92D6F6B-9A20-43AB-877A-04F0834150C4}.Release|x64.ActiveCfg = Release|x64
		{E92D6F6B-9A20-43AB-877A-04F0834150C4}.Release|x64.Build.0 = Release|x64
		{E92D6F6B-9A20-43AB-877A-04F0834150C4}.Release|x86.ActiveCfg = Release|Win32
		{E92D6F6B-9A20-43AB-877A-04F0834150C4}.Release|x86.Build.0 = Release|Win32
		{A8BB532E-AF57-4F14-8CCC-B5A8CDAC35D9}.Debug|x64.ActiveCfg = Debug|x64
		{A8BB532E-AF57-4F14-8CCC-B5A8CDAC35D9}.Debug|x64.Build.0 = Debug|x64
		{A8BB532E-AF57-4F14-8CCC-B5A8CDAC35D9}.Debug|x86.ActiveCfg = Debug|Win32
		{A8BB532E-AF57-4F14-8CCC-B5A8CDAC35D9}.Debug|x86.Build.0 = Debug|Win32
		{A8BB532E-AF57-4F14-8CCC-B5A8CDAC35D9}.Release|x64.ActiveCfg = Release|x64
		{A8BB532E-AF57-4F14-8CCC-B5A8CDAC35D9}.Release|x64.Build.0 = Release|x64
		{A8BB532E-AF57-4F14-8CCC-B5A8CDAC35D9}.Release|x86.ActiveCfg = Release|Win32
		{A8BB532E-AF57-4F14-8CCC-B5A8CDAC35D9}.Release|x86.Build.0 = Release|Win32
		{C07A8D96-F5D1-4A82-BAE3-730D5DB3E96B}.Debug|x64.ActiveCfg = Debug|x64
		{C07A8D96-F5D1-4A82-BAE3-730D5DB3E96B}.Debug|x64.Build.0 = Debug|x64
		{C07A8D96-F5D1-4A82-BAE3-730D5DB3E96B}.Debug|x86.ActiveCfg = Debug|Win32
		{C07A8D96-F5D1-4A82-BAE3-730D5DB3E96B}.Debug|x86.Build.0 = Debug|Win32
		{C07A8D96-F5D1-4A82-BAE3-730D5DB3E96B}.Release|x64.ActiveCfg = Release|x64
		{C07A8D96-F5D1-4A82-BAE3-730D5DB3E96B}.Release|x64.Build.0 = Release|x64
		{C07A8D96-F5D1-4A82-BAE3-730D5DB3E96B}.Release|x86.ActiveCfg = Release|Win32
		{C07A8D96-F5D1-4A82-BAE3-730D5DB3E96B}.Release|x86.Build.0 = Release|Win32
		{B3367D06-E48E-4DA2-9AA5-E03DAAF8CA51}.Debug|x64.ActiveCfg = Debug|x64
		{B3367D06-E48E-4DA2-9AA5-E03DAAF8CA51}.Debug|x64.Build.0 = Debug|x64
		{B3367D06-E48E-4DA2-9AA5-E03DAAF8CA51}.Debug|x86.ActiveCfg = Debug|Win32
		{B3367D06-E48E-4DA2-9AA5-E03DAAF8CA51}.Debug|x86.Build.0 = Debug|Win32
		{B3367D06-E48E-4DA2-9AA5-E03DAAF8CA51}.Release|x64.ActiveCfg = Release|x64
		{B3367D06-E48E-4DA2-9AA5-E03DAAF8CA51}.Release|x64.Build.0 = Release|x64
		{B3367D06-E48E-4DA2-9AA5-E03DAAF8CA51}.Release|x86.ActiveCfg = Release|Win32
		{B3367D06-E48E-4DA2-9AA5-E03DAAF8CA51}.Release|x86.Build.0 = Release|Win32
		{807BE7E5-68BF-4B88-B0BF-0DA563FCF9E1}.Debug|x64.ActiveCfg = Debug|x64
		{807BE7E5-68BF-4B88-B0BF-0DA563FCF9E1}.Debug|x64.Build.0 = Debug|x64
		{807BE7E5-68BF-4B88-B0BF-0DA563FCF9E1}.Debug|x86.ActiveCfg = Debug|Win32
		{807BE7E5-68BF-4B88-B0BF-0DA563FCF9E1}.Debug|x86.Build.0 = Debug|Win32
		{807BE7E5-68BF-4B88-B0BF-0DA563FCF9E1}.Release|x64.ActiveCfg = Release|x64
		{807BE7E5-68BF-4B88-B0BF-0DA563FCF9E1}.Release|x64.Build.0 = Release|x64
		{807BE7E5-68BF-4B88-B0BF-0DA563FCF9E1}.Release|x86.ActiveCfg = Release|Win32
		{807BE7E5-68BF-4B88-B0BF-0DA563FCF9E1}.Release|x86.Build.0 = Release|Win32
		{E44CC6E6-829E-4F0B-ADDB-8ED91FE96E17}.Debug|x64.ActiveCfg = Debug|x64
		{E44CC6E6-829E-4F0B-ADDB-8ED91FE96E17}.Debug|x64.Build.0 = Debug|x64
		{E44CC6E6-829E-4F0B-ADDB-8ED91FE96E17}.Debug|x86.ActiveCfg = Debug|Win32
		{E44CC6E6-829E-4F0B-ADDB-8ED91FE96E17}.Debug|x86.Build.0 = Debug|Win32
		{E44CC6E6-829E-4F0B-ADDB-8ED91FE96E17}.Release|x64.ActiveCfg = Release|x64
		{E44CC6E6-829E-4F0B-ADDB-8ED91FE96E17}.Release|x64.Build.0 = Release|x64
		{E44CC6E6-829E-4F0B-ADDB-8ED91FE96E17}.Release|x86.ActiveCfg = Release|Win32
		{E44CC6E6-829E-4F0B-ADDB-8ED91FE96E17}.Release|x86.Build.0 = Release|Win32
		{622EC881-5A4E-41B9-967D-DD33BBB93F47}.Debug|x64.ActiveCfg = Debug|x64
		{622EC881-5A4E-41B9-967D-DD33BBB93F47}.Debug|x64.Build.0 = Debug|x64
		{622EC881-5A4E-41B9-967D-DD33BBB93F47}.Debug|x86.ActiveCfg = Debug|Win32
		{622EC881-5A4E-41B9-967D-DD33BBB93F47}.Debug|x86.Build.0 = Debug|Win32
		{622EC881-5A4E-41B9-967D-DD33BBB93F47}.Release|x64.ActiveCfg = Release|x64
		{622EC881-5A4E-41B9-967D-DD33BBB93F47}.Release|x64.Build.0 = Release|x64
		{622EC881-5A4E-41B9-967D-DD33BBB93F47}.Release|x86.ActiveCfg = Release|Win32
		{622EC881-5A4E-41B9-967D-DD33BBB93F47}.Release|x86.Build.0 = Release|Win32
		{1D3B1F66-16D0-49B2-8B74-29A58A955837}.Debug|x64.ActiveCfg = Debug|x64
		{1D3B1F66-16D0-49B2-8B74-29A58A955837}.Debug|x64.Build.0 = Debug|x64
		{1D3B1F66-16D0-49B2-8B74-29A58A955837}.Debug|x86.ActiveCfg = Debug|Win32
		{1D3B1F66-16D0-49B2-8B74-29A58A955837}.Debug|x86.Build.0 = Debug|Win32
		{1D3B1F66-16D0-49B2-8B74-29A58A955837}.Release|x64.ActiveCfg = Release|x64
		{1D3B1F66-16D0-49B2-8B74-29A58A955837}.Release|x64.Build.0 = Release|x64
		{1D3B1F66-16D0-49B2-8B74-29A58A955837}.Release|x86.ActiveCfg = Release|Win32
		{1D3B1F66-16D0-49B2-8B74-29A58A955837}.Release|x86.Build.0 = Release|Win32
		{8FA1AC5D-76C7-41FE-A2B2-93D16F42C1F2}.Debug|x64.ActiveCfg = Debug|x64
		{8FA1AC5D-76C7-41FE-A2B2-93D16F42C1F2}.Debug|x64.Build.0 = Debug|x64
		{8FA1AC5D-76C7-41FE-A2B2-93D16F42C1F2}.Debug|x86.ActiveCfg = Debug|Win32
		{8FA1AC5D-76C7-41FE-A2B2-93D16F42C1F2}.Debug|x86.Build.0 = Debug|Win32
		{8FA1AC5D-76C7-41FE-A2B2-93D16F42C1F2}.Release|x64.ActiveCfg = Release|x64
		{8FA1AC5D-76C7-41FE-A2B2-93D16F42C1F2}.Release|x64.Build.0 = Release|x64
		{8FA1AC5D-76C7-41FE-A2B2-93D16F42C1F2}.Release|x86.ActiveCfg = Release|Win32
		{8FA1AC5D-76C7-41FE-A2B2-93D16F42C1F2}.Release|x86.Build.0 = Release|Win32
		{91364BF9-DF90-4C23-9764-D25E79B33DD7}.Debug|x64.ActiveCfg = Debug|x64
		{91364BF9-DF90-4C23-9764-D25E79B33DD7}.Debug|x64.Build.0 = Debug|x64
		{91364BF9-DF90-4C23-9764-D25E79B33DD7}.Debug|x86.ActiveCfg = Debug|Win32
		{91364BF9-DF90-4C23-9764-D25E79B33DD7}.Debug|x86.Build.0 = Debug|Win32
		{91364BF9-DF90-4C23-9764-D25E79B33DD7}.Release|x64.ActiveCfg = Release|x64
		{91364BF9-DF90-4C23-9764-D25E79B33DD7}.Release|x64.Build.0 = Release|x64
		{91364BF9-DF90-4C23-9764-D25E79B33DD7}.Release|x86.ActiveCfg = Release|Win32
		{91364BF9-DF90-4C23-9764-D25E79B33DD7}.Release|x86.Build.0 = Release|Win32
		{001C0277-93EA-4DF8-B985-56EAE8D47FEE}.Debug|x64.ActiveCfg = Debug|x64
		{001C0277-93EA-4DF8-B985-56EAE8D47FEE}.Debug|x64.Build.0 = Debug|x64
		{001C0277-93EA-4DF8-B985-56EAE8D47FEE}.Debug|x86.ActiveCfg = Debug|Win32
		{001C0277-93EA-4DF8-B985-56EAE8D47FEE}.Debug|x86.Build.0 = Debug|Win32
		{001C0277-93EA-4DF8-B985-56EAE8D47FEE}.Release|x64.ActiveCfg = Release|x64
		{001C0277-93EA-4DF8-B985-56EAE8D47FEE}.Release|x64.Build.0 = Release|x64
		{001C0277-93EA-4DF8-B985-56EAE8D47FEE}.Release|x86.ActiveCfg = Release|Win32
		{001C0277-93EA-4DF8-B985-56EAE8D47FEE}.Release|x86.Build.0 = Release|Win32
		{6F8E316D-B608-4D5A-B975-5C2B8378CAC5}.Debug|x64.ActiveCfg = Debug|x64
		{6F8E316D-B608-4D5A-B975-5C2B8378CAC5}.Debug|x64.Build.0 = Debug|x64
		{6F8E316D-B608-4D5A-B975-5C2B8378CAC5}.Debug|x86.ActiveCfg = Debug|Win32
		{6F8E316D-B608-4D5A-B975-5C2B8378CAC5}.Debug|x86.Build.0 = Debug|Win32
		{6F8E316D-B608-4D5A-B975-5C2B8378CAC5}.Release|x64.ActiveCfg = Release|x64
		{6F8E316D-B608-4D5A-B975-5C2B8378CAC5}.Release|x64.Build.0 = Release|x64
		{6F8E316D-B608-4D5A-B975-5C2B8378CAC5}.Release|x86.ActiveCfg = Release|Win32
		{6F8E316D-B608-4D5A-B975-5C2B8378CAC5}.Release|x86.Build.0 = Release|Win32
		{5B131EEF-AEDD-4B6D-B238-6044BBAFEFF8}.Debug|x64.ActiveCfg = Debug|x64
		{5B131EEF-AEDD-4B6D-B238-6044BBAFEFF8}.Debug|x64.Build.0 = Debug|x64
		{5B131EEF-AEDD-4B6D-B238-6044BBAFEFF8}.Debug|x86.ActiveCfg = Debug|Win32
		{5B131EEF-AEDD-4B6D-B238-6044BBAFEFF8}.Debug|x86.Build.0 = Debug|Win32
		{5B131EEF-AEDD-4B6D-B238-6044BBAFEFF8}.Release|x64.ActiveCfg = Release|x64
		{5B131EEF-AEDD-4B6D-B238-6044BBAFEFF8}.Release|x64.Build.0 = Release|x64
		{5B131EEF-AEDD-4B6D-B238-6044BBAFEFF8}.Release|x86.ActiveCfg = Release|Win32
		{5B131EEF-AEDD-4B6D-B238-6044BBAFEFF8}.Release|x86.Build.0 = Release|Win32
		{0486DEB7-FFEE-4B0C-8AA1-B5EDCE17907F}.Debug|x64.ActiveCfg = Debug|x64
		{0486DEB7-FFEE-4B0C-8AA1-B5EDCE17907F}.Debug|x64.Build.0 = Debug|x64
		{0486DEB7-FFEE-4B0C-8AA1-B5EDCE17907F}.Debug|x86.ActiveCfg = Debug|Win32
		{0486DEB7-FFEE-4B0C-8AA1-B5EDCE17907F}.Debug|x86.Build.0 = Debug|Win32
		{0486DEB7-FFEE-4B0C-8AA1-B5EDCE17907F}.Release|x64.ActiveCfg = Release|x64
		{0486DEB7-FFEE-4B0C-8AA1-B5EDCE17907F}.Release|x64.Build.0 = Release|x64
		{0486DEB7-FFEE-4B0C-8AA1-B5EDCE17907F}.Release|x86.ActiveCfg = Release|Win32
		{0486DEB7-FFEE-4B0C-8AA1-B5EDCE17907F}.Release|x86.Build.0 = Release|Win32
		{9B399410-B456-4A68-960C-F6FB8D0E9796}.Debug|x64.ActiveCfg = Debug|x64
		{9B399410-B456-4A68-960C-F6FB8D0E9796}.Debug|x64.Build.0 = Debug|x64
		{9B399410-B456-4A68-960C-F6FB8D0E9796}.Debug|x86.ActiveCfg = Debug|Win32
		{9B399410-B456-4A68-960C-F6FB8D0E9796}.Debug|x86.Build.0 = Debug|Win32
		{9B399410-B456-4A68-960C-F6FB8D0E9796}.Release|x64.ActiveCfg = Release|x64
		{9B399410-B456-4A68-960C-F6FB8D0E9796}.Release|x64.Build.0 = Release|x64
		{9B399410-B456-4A68-960C-F6FB8D0E9796}.Release|x86.ActiveCfg = Release|Win32
		{9B399410-B456-4A68-960C-F6FB8D0E9796}.Release|x86.Build.0 = Release|Win32
		{0FAFC17D-9B6A-44FD-A88B-B77E7EF45D57}.Debug|x64.ActiveCfg = Debug|x64
		{0FAFC17D-9B6A-44FD-A88B-B77E7EF45D57}.Debug|x64.Build.0 = Debug|x64
		{0FAFC17D-9B6A-44FD-A88B-B77E7EF45D57}.Debug|x86.ActiveCfg = Debug|Win32
		{0FAFC17D-9B6A-44FD-A88B-B77E7EF45D57}.Debug|x86.Build.0 = Debug|Win32
		{0FAFC17D-9B6A-44FD-A88B-B77E7EF45D57}.Release|x64.ActiveCfg = Release|x64
		{0FAFC17D-9B6A-44FD-A88B-B77E7EF45D57}.Release|x64.Build.0 = Release|x64
		{0FAFC17D-9B6A-44FD-A88B-B77E7EF45D57}.Release|x86.ActiveCfg = Release|Win32
		{0FAFC17D-9B6A-44FD-A88B-B77E7EF45D57}.Release|x86.Build.0 = Release|Win32
		{18BD5175-5D6F-43F6-8C4E-B249E4A6D622}.Debug|x64.ActiveCfg = Debug|x64
		{18BD5175-5D6F-43F6-8C4E-B249E4A6D622}.Debug|x64.Build.0 = Debug|x64
		{18BD5175-5D6F-43F6-8C4E-B249E4A6D622}.Debug|x86.ActiveCfg = Debug|Win32
		{18BD5175-5D6F-43F6-8C4E-B249E4A6D622}.Debug|x86.Build.0 = Debug|Win32
		{18BD5175-5D6F-43F6-8C4E-B249E4A6D622}.Release|x64.ActiveCfg = Release|x64
		{18BD5175-5D6F-43F6-8C4E-B249E4A6D622}.Release|x64.Build.0 = Release|x64
		{18BD5175-5D6F-43F6-8C4E-B249E4A6D622}.Release|x86.ActiveCfg = Release|Win32
		{18BD5175-5D6F-43F6-8C4E-B249E4A6D622}.Release|x86.Build.0 = Release|Win32
		{65279CF5-33F6-4906-BB23-A8ECC83E8663}.Debug|x64.ActiveCfg = Debug|x64
		{65279CF5-33F6-4906-BB23-A8ECC83E8663}.Debug|x64.Build.0 = Debug|x64
		{65279CF5-33F6-4906-BB23-A8ECC83E8663}.Debug|x86.ActiveCfg = Debug|Win32
		{65279CF5-33F6-4906-BB23-A8ECC83E8663}.Debug|x86.Build.0 = Debug|Win32
		{65279CF5-33F6-4906-BB23-A8ECC83E8663}.Release|x64.ActiveCfg = Release|x64
		{65279CF5-33F6-4906-BB23-A8ECC83E8663}.Release|x64.Build.0 = Release|x64
		{65279CF5-33F6-4906-BB23-A8ECC83E8663}.Release|x86.ActiveCfg = Release|Win32
		{65279CF5-33F6-4906-BB23-A8ECC83E8663}.Release|x86.Build.0 = Release|Win32
		{CD2818FD-E708-4CF2-B378-62BC329D7B34}.Debug|x64.ActiveCfg = Debug|x64
		{CD2818FD-E708-4CF2-B378-62BC329D7B34}.Debug|x64.Build.0 = Debug|x64
		{CD2818FD-E708-4CF2-B378-62BC329D7B34}.Debug|x86.ActiveCfg = Debug|Win32
		{CD2818FD-E708-4CF2-B378-62BC329D7B34}.Debug|x86.Build.0 = Debug|Win32
		{CD2818FD-E708-4CF2-B378-62BC329D7B34}.Release|x64.ActiveCfg = Release|x64
		{CD2818FD-E708-4CF2-B378-62BC329D7B34}.Release|x64.Build.0 = Release|x64
		{CD2818FD-E708-4CF2-B378-62BC329D7B34}.Release|x86.ActiveCfg = Release|Win32
		{CD2818FD-E708-4CF2-B378-62BC329D7B34}.Release|x86.Build.0 = Release|Win32
		{8BA2F29F-E6FF-4A63-AD43-2ACCC515C101}.Debug|x64.ActiveCfg = Debug|x64
		{8BA2F29F-E6FF-4A63-AD43-2ACCC515C101}.Debug|x64.Build.0 = Debug|x64
		{8BA2F29F-E6FF-4A63-AD43-2ACCC515C101}.Debug|x86.ActiveCfg = Debug|Win32
		{8BA2F29F-E6FF-4A63-AD43-2ACCC515C101}.Debug|x86.Build.0 = Debug|Win32
		{8BA2F29F-E6FF-4A63-AD43-2ACCC515C101}.Release|x64.ActiveCfg = Release|x64
		{8BA2F29F-E6FF-4A63-AD43-2ACCC515C101}.Release|x64.Build.0 = Release|x64
		{8BA2F29F-E6FF-4A63-AD43-2ACCC515C101}.Release|x86.ActiveCfg = Release|Win32
		{8BA2F29F-E6FF-4A63-AD43-2ACCC515C101}.Release|x86.Build.0 = Release|Win32
		{3589B77E-E975-4503-9160-964F631DCE52}.Debug|x64.ActiveCfg = Debug|x64
		{3589B77E-E975-4503-9160-964F631DCE52}.Debug|x64.Build.0 = Debug|x64
		{3589B77E-E975-4503-9160-964F631DCE52}.Debug|x86.ActiveCfg = Debug|Win32
		{3589B77E-E975-4503-9160-964F631DCE52}.Debug|x86.Build.0 = Debug|Win32
		{3589B77E-E975-4503-9160-964F631DCE52}.Release|x64.ActiveCfg = Release|x64
		{3589B77E-E975-4503-9160-964F631DCE52}.Release|x64.Build.0 = Release|x64
		{3589B77E-E975-4503-9160-964F631DCE52}.Release|x86.ActiveCfg = Release|Win32
		{3589B77E-E975-4503-9160-964F631DCE52}.Release|x86.Build.0 = Release|Win32
		{5E400575-B41B-4EA1-A705-8E5DC6162998}.Debug|x64.ActiveCfg = Debug|x64
		{5E400575-B41B-4EA1-A705-8E5DC6162998}.Debug|x64.Build.0 = Debug|x64
		{5E400575-B41B-4EA1-A705-8E5DC6162998}.Debug|x86.ActiveCfg = Debug|Win32
		{5E400575-B41B-4EA1-A705-8E5DC6162998}.Debug|x86.Build.0 = Debug|Win32
		{5E400575-B41B-4EA1-A705-8E5DC6162998}.Release|x64.ActiveCfg = Release|x64
		{5E400575-B41B-4EA1-A705-8E5DC6162998}.Release|x64.Build.0 = Release|x64
		{5E400575-B41B-4EA1-A705-8E5DC6162998}.Release|x86.ActiveCfg = Release|Win32
		{5E400575-B41B-4EA1-A705-8E5DC6162998}.Release|x86.Build.0 = Release|Win32
		{8C1365FF-253C-4698-84AC-AF4152CDFB69}.Debug|x64.ActiveCfg = Debug|x64
		{8C1365FF-253C-4698-84AC-AF4152CDFB69}.Debug|x64.Build.0 = Debug|x64
		{8C1365FF-253C-4698-84AC-AF4152CDFB69}.Debug|x86.ActiveCfg = Debug|Win32
		{8C1365FF-253C-4698-84AC-AF4152CDFB69}.Debug|x86.Build.0 = Debug|Win32
		{8C1365FF-253C-4698-84AC-AF4152CDFB69}.Release|x64.ActiveCfg = Release|x64
		{8C1365FF-253C-4698-84AC-AF4152CDFB69}.Release|x64.Build.0 = Release|x64
		{8C1365FF-253C-4698-84AC-AF4152CDFB69}.Release|x86.ActiveCfg = Release|Win32
		{8C1365FF-253C-4698-84AC-AF4152CDFB69}.Release|x86.Build.0 = Release|Win32
		{73810E89-8EB8-46CD-86D8-8BE4D501EEDB}.Debug|x64.ActiveCfg = Debug|x64
		{73810E89-8EB8-46CD-86D8-8BE4D501EEDB}.Debug|x64.Build.0 = Debug|x64
		{73810E89-8EB8-46CD-86D8-8BE4D501EEDB}.Debug|x86.ActiveCfg = Debug|Win32
		{73810E89-8EB8-46CD-86D8-8BE4D501EEDB}.Debug|x86.Build.0 = Debug|Win32
		{73810E89-8EB8-46CD-86D8-8BE4D501EEDB}.Release|x64.ActiveCfg = Release|x64
		{73810E89-8EB8-46CD-86D8-8BE4D501EEDB}.Release|x64.Build.0 = Release|x64
		{73810E89-8EB8-46CD-86D8-8BE4D501EEDB}.Release|x86.ActiveCfg = Release|Win32
		{73810E89-8EB8-46CD-86D8-8BE4D501EEDB}.Release|x86.Build.0 = Release|Win32
		{B8C7E87E-6B5B-46F9-B829-CB00B341376C}.Debug|x64.ActiveCfg = Debug|x64
		{B8C7E87E-6B5B-46F9-B829-CB00B341376C}.Debug|x64.Build.0 = Debug|x64
		{B8C7E87E-6B5B-46F9-B829-CB00B341376C}.Debug|x86.ActiveCfg = Debug|Win32
		{B8C7E87E-6B5B-46F9-B829-CB00B341376C}.Debug|x86.Build.0 = Debug|Win32
		{B8C7E87E-6B5B-46F9-B829-CB00B341376C}.Release|x64.ActiveCfg = Release|x64
		{B8C7E87E-6B5B-46F9-B829-CB00B341376C}.Release|x64.Build.0 = Release|x64
		{B8C7E87E-6B5B-46F9-B829-CB00B341376C}.Release|x86.ActiveCfg = Release|Win32
		{B8C7E87E-6B5B-46F9-B829-CB00B341376C}.Release|x86.Build.0 = Release|Win32
		{EA43B561-61B8-4FE4-9102-4F64FB24E926}.Debug|x64.ActiveCfg = Debug|x64
		{EA43B561-61B8-4FE4-9102-4F64FB24E926}.Debug|x64.Build.0 = Debug|x64
		{EA43B561-61B8-4FE4-9102-4F64FB24E926}.Debug|x86.ActiveCfg = Debug|Win32
		{EA43B561-61B8-4FE4-9102-4F64FB24E926}.Debug|x86.Build.0 = Debug|Win32
		{EA43B561-61B8-4FE4-9102-4F64FB24E926}.Release|x64.ActiveCfg = Release|x64
		{EA43B561-61B8-4FE4-9102-4F64FB24E926}.Release|x64.Build.0 = Release|x64
		{EA43B561-61B8-4FE4-9102-4F64FB24E926}.Release|x86.ActiveCfg = Release|Win32
		{EA43B561-61B8-4FE4-9102-4F64FB24E926}.Release|x86.Build.0 = Release|Win32
		{3E1075E0-65A6-483C-A4C3-3DF1CA6220CD}.Debug|x64.ActiveCfg = Debug|x64
		{3E1075E0-65A6-483C-A4C3-3DF1CA6220CD}.Debug|x64.Build.0 = Debug|x64
		{3E1075E0-65A6-483C-A4C3-3DF1CA6220CD}.Debug|x86.ActiveCfg = Debug|Win32
		{3E1075E0-65A6-483C-A4C3-3DF1CA6220CD}.Debug|x86.Build.0 = Debug|Win32
		{3E1075E0-65A6-483C-A4C3-3DF1CA6220CD}.Release|x64.ActiveCfg = Release|x64
		{3E1075E0-65A6-483C-A4C3-3DF1CA6220CD}.Release|x64.Build.0 = Release|x64
		{3E1075E0-65A6-483C-A4C3-3DF1CA6220CD}.Release|x86.ActiveCfg = Release|Win32
		{3E1075E0-65A6-483C-A4C3-3DF1CA6220CD}.Release|x86.Build.0 = Release|Win32
		{9EBABD30-E4D3-44CF-A764-C40924C3994B}.Debug|x64.ActiveCfg = Debug|x64
		{9EBABD30-E4D3-44CF-A764-C40924C3994B}.Debug|x64.Build.0 = Debug|x64
		{9EBABD30-E4D3-44CF-A764-C40924C3994B}.Debug|x86.ActiveCfg = Debug|Win32
		{9EBABD30-E4D3-44CF-A764-C40924C3994B}.Debug|x86.Build.0 = Debug|Win32
		{9EBABD30-E4D3-44CF-A764-C40924C3994B}.Release|x64.ActiveCfg = Release|x64
		{9EBABD30-E4D3-44CF-A764-C40924C3994B}.Release|x64.Build.0 = Release|x64
		{9EBABD30-E4D3-44CF-A764-C40924C3994B}.Release|x86.ActiveCfg = Release|Win32
		{9EBABD30-E4D3-44CF-A764-C40924C3994B}.Release|x86.Build.0 = Release|Win32
		{A04D0F09-7DFD-4053-9343-FDA381EF353F}.Debug|x64.ActiveCfg = Debug|x64
		{A04D0F09-7DFD-4053-9343-FDA381EF353F}.Debug|x64.Build.0 = Debug|x64
		{A04D0F09-7DFD-4053-9343-FDA381EF353F}.Debug|x86.ActiveCfg = Debug|Win32
		{A04D0F09-7DFD-4053-9343-FDA381EF353F}.Debug|x86.Build.0 = Debug|Win32
		{A04D0F09-7DFD-4053-9343-FDA381EF353F}.Release|x64.ActiveCfg = Release|x64
		{A04D0F09-7DFD-4053-9343-FDA381EF353F}.Release|x64.Build.0 = Release|x64
		{A04D0F09-7DFD-4053-9343-FDA381EF353F}.Release|x86.ActiveCfg = Release|Win32
		{A04D0F09-7DFD-4053-9343-FDA381EF353F}.Release|x86.Build.0 = Release|Win32
		{C412F7BD-3148-4913-874C-F38946AA78DE}.Debug|x64.ActiveCfg = Debug|x64
		{C412F7BD-3148-4913-874C-F38946AA78DE}.Debug|x64.Build.0 = Debug|x64
		{C412F7BD-3148-4913-874C-F38946AA78DE}.Debug|x86.ActiveCfg = Debug|Win32
		{C412F7BD-3148-4913-874C-F38946AA78DE}.Debug|x86.Build.0 = Debug|Win32
		{C412F7BD-3148-4913-874C-F38946AA78DE}.Release|x64.ActiveCfg = Release|x64
		{C412F7BD-3148-4913-874C-F38946AA78DE}.Release|x64.Build.0 = Release|x64
		{C412F7BD-3148-4913-874C-F38946AA78DE}.Release|x86.ActiveCfg = Release|Win32
		{C412F7BD-3148-4913-874C-F38946AA78DE}.Release|x86.Build.0 = Release|Win32
		{49FECC3D-E359-4610-B135-5247BF5BD745}.Debug|x64.ActiveCfg = Debug|x64
		{49FECC3D-E359-4610-B135-5247BF5BD745}.Debug|x64.Build.0 = Debug|x64
		{49FECC3D-E359-4610-B135-5247BF5BD745}.Debug|x86.ActiveCfg = Debug|Win32
		{49FECC3D-E359-4610-B135-5247BF5BD745}.Debug|x86.Build.0 = Debug|Win32
		{49FECC3D-E359-4610-B135-5247BF5BD745}.Release|x64.ActiveCfg = Release|x64
		{49FECC3D-E359-4610-B135-5247BF5BD745}.Release|x64.Build.0 = Release|x64
		{49FECC3D-E359-4610-B135-5247BF5BD745}.Release|x86.ActiveCfg = Release|Win32
		{49FECC3D-E359-4610-B135-5247BF5BD745}.Release|x86.Build.0 = Release|Win32
		{25D1A3E6-6E0B-4FE2-B6B0-2FF9C1C1B2FB}.Debug|x64.ActiveCfg = Debug|x64
		{25D1A3E6-6E0B-4FE2-B6B0-2FF9C1C1B2FB}.Debug|x64.Build.0 = Debug|x64
		{25D1A3E6-6E0B-4FE2-B6B0-2FF9C1C1B2FB}.Debug|x86.ActiveCfg = Debug|Win32
		{25D1A3E6-6E0B-4FE2-B6B0-2FF9C1C1B2FB}.Debug|x86.Build.0 = Debug|Win32
		{25D1A3E6-6E0B-4FE2-B6B0-2FF9C1C1B2FB}.Release|x64.ActiveCfg = Release|x64
		{25D1A3E6-6E0B-4FE2-B6B0-2FF9C1C1B2FB}.Release|x64.Build.0 = Release|x64
		{25D1A3E6-6E0B-4FE2-B6B0-2FF9C1C1B2FB}.Release|x86.ActiveCfg = Release|Win32
		{25D1A3E6-6E0B-4FE2-B6B0-2FF9C1C1B2FB}.Release|x86.Build.0 = Release|Win32
	EndGlobalSection
	GlobalSection(SolutionProperties) = preSolution
		HideSolutionNode = FALSE
	EndGlobalSection
	GlobalSection(ExtensibilityGlobals) = postSolution
		SolutionGuid = {813A8081-0C43-4D3F-95DE-7839A11AC49A}
	EndGlobalSection
EndGlobal
